{
    "name": "entities-benchmark",
    "lockfileVersion": 3,
    "requires": true,
    "packages": {
        "": {
            "name": "entities-benchmark",
            "dependencies": {
                "he": "^2.0.0",
                "html-entities": "^2.6.0",
                "parse-entities": "^4.0.2",
                "tinybench": "^6.2.0"
            },
            "devDependencies": {
                "@types/he": "^1.2.3"
            },
            "engines": {
                "node": ">=22"
            }
        },
        "node_modules/@types/he": {
            "version": "1.2.3",
            "resolved": "https://registry.npmjs.org/@types/he/-/he-1.2.3.tgz",
            "integrity": "sha512-q67/qwlxblDzEDvzHhVkwc1gzVWxaNxeyHUBF4xElrvjL11O+Ytze+1fGpBHlr/H9myiBUaUXNnNPmBHxxfAcA==",
            "dev": true,
            "license": "MIT"
        },
        "node_modules/@types/unist": {
            "version": "2.0.11",
            "resolved": "https://registry.npmjs.org/@types/unist/-/unist-2.0.11.tgz",
            "integrity": "sha512-CmBKiL6NNo/OqgmMn95Fk9Whlp2mtvIv+KNpQKN2F4SjvrEesubTRWGYSg+BnWZOnlCaSTU1sMpsBOzgbYhnsA==",
            "license": "MIT"
        },
        "node_modules/character-entities": {
            "version": "2.0.2",
            "resolved": "https://registry.npmjs.org/character-entities/-/character-entities-2.0.2.tgz",
            "integrity": "sha512-shx7oQ0Awen/BRIdkjkvz54PnEEI/EjwXDSIZp86/KKdbafHh1Df/RYGBhn4hbe2+uKC9FnT5UCEdyPz3ai9hQ==",
            "license": "MIT",
            "funding": {
                "type": "github",
                "url": "https://github.com/sponsors/wooorm"
            }
        },
        "node_modules/character-entities-legacy": {
            "version": "3.0.0",
            "resolved": "https://registry.npmjs.org/character-entities-legacy/-/character-entities-legacy-3.0.0.tgz",
            "integrity": "sha512-RpPp0asT/6ufRm//AJVwpViZbGM/MkjQFxJccQRHmISF/22NBtsHqAWmL+/pmkPWoIUJdWyeVleTl1wydHATVQ==",
            "license": "MIT",
            "funding": {
                "type": "github",
                "url": "https://github.com/sponsors/wooorm"
            }
        },
        "node_modules/character-reference-invalid": {
            "version": "2.0.1",
            "resolved": "https://registry.npmjs.org/character-reference-invalid/-/character-reference-invalid-2.0.1.tgz",
            "integrity": "sha512-iBZ4F4wRbyORVsu0jPV7gXkOsGYjGHPmAyv+HiHG8gi5PtC9KI2j1+v8/tlibRvjoWX027ypmG/n0HtO5t7unw==",
            "license": "MIT",
            "funding": {
                "type": "github",
                "url": "https://github.com/sponsors/wooorm"
            }
        },
        "node_modules/decode-named-character-reference": {
            "version": "1.3.0",
            "resolved": "https://registry.npmjs.org/decode-named-character-reference/-/decode-named-character-reference-1.3.0.tgz",
            "integrity": "sha512-GtpQYB283KrPp6nRw50q3U9/VfOutZOe103qlN7BPP6Ad27xYnOIWv4lPzo8HCAL+mMZofJ9KEy30fq6MfaK6Q==",
            "license": "MIT",
            "dependencies": {
                "character-entities": "^2.0.0"
            },
            "funding": {
                "type": "github",
                "url": "https://github.com/sponsors/wooorm"
            }
        },
        "node_modules/he": {
            "version": "2.0.0",
            "resolved": "https://registry.npmjs.org/he/-/he-2.0.0.tgz",
            "integrity": "sha512-0jE+JPv08nhXWmI1dULybzqNt34RbkH6Ul6V4cmDONpjYx1SfyObKF38FJLaJ1K7WWD93LWL9lewzk4E1Ria4A==",
            "license": "MIT",
            "bin": {
                "he": "bin/he.mjs"
            },
            "engines": {
                "node": ">=22"
            }
        },
        "node_modules/html-entities": {
            "version": "2.6.0",
            "resolved": "https://registry.npmjs.org/html-entities/-/html-entities-2.6.0.tgz",
            "integrity": "sha512-kig+rMn/QOVRvr7c86gQ8lWXq+Hkv6CbAH1hLu+RG338StTpE8Z0b44SDVaqVu7HGKf27frdmUYEs9hTUX/cLQ==",
            "funding": [
                {
                    "type": "github",
                    "url": "https://github.com/sponsors/mdevils"
                },
                {
                    "type": "patreon",
                    "url": "https://patreon.com/mdevils"
                }
            ],
            "license": "MIT"
        },
        "node_modules/is-alphabetical": {
            "version": "2.0.1",
            "resolved": "https://registry.npmjs.org/is-alphabetical/-/is-alphabetical-2.0.1.tgz",
            "integrity": "sha512-FWyyY60MeTNyeSRpkM2Iry0G9hpr7/9kD40mD/cGQEuilcZYS4okz8SN2Q6rLCJ8gbCt6fN+rC+6tMGS99LaxQ==",
            "license": "MIT",
            "funding": {
                "type": "github",
                "url": "https://github.com/sponsors/wooorm"
            }
        },
        "node_modules/is-alphanumerical": {
            "version": "2.0.1",
            "resolved": "https://registry.npmjs.org/is-alphanumerical/-/is-alphanumerical-2.0.1.tgz",
            "integrity": "sha512-hmbYhX/9MUMF5uh7tOXyK/n0ZvWpad5caBA17GsC6vyuCqaWliRG5K1qS9inmUhEMaOBIW7/whAnSwveW/LtZw==",
            "license": "MIT",
            "dependencies": {
                "is-alphabetical": "^2.0.0",
                "is-decimal": "^2.0.0"
            },
            "funding": {
                "type": "github",
                "url": "https://github.com/sponsors/wooorm"
            }
        },
        "node_modules/is-decimal": {
            "version": "2.0.1",
            "resolved": "https://registry.npmjs.org/is-decimal/-/is-decimal-2.0.1.tgz",
            "integrity": "sha512-AAB9hiomQs5DXWcRB1rqsxGUstbRroFOPPVAomNk/3XHR5JyEZChOyTWe2oayKnsSsr/kcGqF+z6yuH6HHpN0A==",
            "license": "MIT",
            "funding": {
                "type": "github",
                "url": "https://github.com/sponsors/wooorm"
            }
        },
        "node_modules/is-hexadecimal": {
            "version": "2.0.1",
            "resolved": "https://registry.npmjs.org/is-hexadecimal/-/is-hexadecimal-2.0.1.tgz",
            "integrity": "sha512-DgZQp241c8oO6cA1SbTEWiXeoxV42vlcJxgH+B3hi1AiqqKruZR3ZGF8In3fj4+/y/7rHvlOZLZtgJ/4ttYGZg==",
            "license": "MIT",
            "funding": {
                "type": "github",
                "url": "https://github.com/sponsors/wooorm"
            }
        },
        "node_modules/parse-entities": {
            "version": "4.0.2",
            "resolved": "https://registry.npmjs.org/parse-entities/-/parse-entities-4.0.2.tgz",
            "integrity": "sha512-GG2AQYWoLgL877gQIKeRPGO1xF9+eG1ujIb5soS5gPvLQ1y2o8FL90w2QWNdf9I361Mpp7726c+lj3U0qK1uGw==",
            "license": "MIT",
            "dependencies": {
                "@types/unist": "^2.0.0",
                "character-entities-legacy": "^3.0.0",
                "character-reference-invalid": "^2.0.0",
                "decode-named-character-reference": "^1.0.0",
                "is-alphanumerical": "^2.0.0",
                "is-decimal": "^2.0.0",
                "is-hexadecimal": "^2.0.0"
            },
            "funding": {
                "type": "github",
                "url": "https://github.com/sponsors/wooorm"
            }
        },
        "node_modules/tinybench": {
            "version": "6.2.1",
            "resolved": "https://registry.npmjs.org/tinybench/-/tinybench-6.2.1.tgz",
            "integrity": "sha512-IAbQaPJIIdhVxi0mqy9lez1wEwje0UQf9F1vwtbelEG5Nbgn0nPOxCvU+mNeNS9gyJTAhrHp74CbUaSynQpZcQ==",
            "license": "MIT",
            "engines": {
                "node": ">=20.0.0"
            }
        }
    }
}
